
Microsoft Visual Studio Solution File, Format Version 12.00
# Visual Studio 15
Project("{FAE04EC0-301F-11D3-BF4B-00C04F79EFBC}") = "star_staff", "star_staff\star_staff.csproj", "{BCBE9893-90D4-4922-9BCD-FC9D45D8325A}"
EndProject
Project("{FAE04EC0-301F-11D3-BF4B-00C04F79EFBC}") = "star_staff_test", "star_staff_test\star_staff_test.csproj", "{FF0ADA8C-177D-4A15-9561-D7AC94DB2C97}"
EndProject
Global
	GlobalSection(SolutionConfigurationPlatforms) = preSolution
		Debug|Any CPU = Debug|Any CPU
		Release|Any CPU = Release|Any CPU
	EndGlobalSection
	GlobalSection(ProjectConfigurationPlatforms) = postSolution
		{BCBE9893-90D4-4922-9BCD-FC9D45D8325A}.Debug|Any CPU.ActiveCfg = Debug|Any CPU
		{BCBE9893-90D4-4922-9BCD-FC9D45D8325A}.Debug|Any CPU.Build.0 = Debug|Any CPU
		{BCBE9893-90D4-4922-9BCD-FC9D45D8325A}.Release|Any CPU.ActiveCfg = Release|Any CPU
		{BCBE9893-90D4-4922-9BCD-FC9D45D8325A}.Release|Any CPU.Build.0 = Release|Any CPU
		{FF0ADA8C-177D-4A15-9561-D7AC94DB2C97}.Debug|Any CPU.ActiveCfg = Debug|Any CPU
		{FF0ADA8C-177D-4A15-9561-D7AC94DB2C97}.Debug|Any CPU.Build.0 = Debug|Any CPU
		{FF0ADA8C-177D-4A15-9561-D7AC94DB2C97}.Release|Any CPU.ActiveCfg = Release|Any CPU
		{FF0ADA8C-177D-4A15-9561-D7AC94DB2C97}.Release|Any CPU.Build.0 = Release|Any CPU
	EndGlobalSection
EndGlobal
